// !$*UTF8*$!
{
	archiveVersion = 1;
	classes = {
	};
	objectVersion = 50;
	objects = {

/* Begin PBXBuildFile section */
		E0DCAB8F26E63C9900515436 /* AppDelegate.swift in Sources */ = {isa = PBXBuildFile; fileRef = E0DCAB8E26E63C9900515436 /* AppDelegate.swift */; };
		E0DCAB9126E63C9900515436 /* SceneDelegate.swift in Sources */ = {isa = PBXBuildFile; fileRef = E0DCAB9026E63C9900515436 /* SceneDelegate.swift */; };
		E0DCAB9326E63C9900515436 /* ViewController.swift in Sources */ = {isa = PBXBuildFile; fileRef = E0DCAB9226E63C9900515436 /* ViewController.swift */; };
		E0DCAB9626E63C9900515436 /* Main.storyboard in Resources */ = {isa = PBXBuildFile; fileRef = E0DCAB9426E63C9900515436 /* Main.storyboard */; };
		E0DCAB9826E63C9A00515436 /* Assets.xcassets in Resources */ = {isa = PBXBuildFile; fileRef = E0DCAB9726E63C9A00515436 /* Assets.xcassets */; };
		E0DCAB9B26E63C9A00515436 /* LaunchScreen.storyboard in Resources */ = {isa = PBXBuildFile; fileRef = E0DCAB9926E63C9A00515436 /* LaunchScreen.storyboard */; };
/* End PBXBuildFile section */

/* Begin PBXFileReference section */
		E0DCAB8B26E63C9900515436 /* TextFieldKeyboard.app */ = {isa = PBXFileReference; explicitFileType = wrapper.application; includeInIndex = 0; path = TextFieldKeyboard.app; sourceTree = BUILT_PRODUCTS_DIR; };
		E0DCAB8E26E63C9900515436 /* AppDelegate.swift */ = {isa = PBXFileReference; lastKnownFileType = sourcecode.swift; path = AppDelegate.swift; sourceTree = "<group>"; };
		E0DCAB9026E63C9900515436 /* SceneDelegate.swift */ = {isa = PBXFileReference; lastKnownFileType = sourcecode.swift; path = SceneDelegate.swift; sourceTree = "<group>"; };
		E0DCAB9226E63C9900515436 /* ViewController.swift */ = {isa = PBXFileReference; lastKnownFileType = sourcecode.swift; path = ViewController.swift; sourceTree = "<group>"; };
		E0DCAB9526E63C9900515436 /* Base */ = {isa = PBXFileReference; lastKnownFileType = file.storyboard; name = Base; path = Base.lproj/Main.storyboard; sourceTree = "<group>"; };
		E0DCAB9726E63C9A00515436 /* Assets.xcassets */ = {isa = PBXFileReference; lastKnownFileType = folder.assetcatalog; path = Assets.xcassets; sourceTree = "<group>"; };
		E0DCAB9A26E63C9A00515436 /* Base */ = {isa = PBXFileReference; lastKnownFileType = file.storyboard; name = Base; path = Base.lproj/LaunchScreen.storyboard; sourceTree = "<group>"; };
		E0DCAB9C26E63C9A00515436 /* Info.plist */ = {isa = PBXFileReference; lastKnownFileType = text.plist.xml; path = Info.plist; sourceTree = "<group>"; };
/* End PBXFileReference section */

/* Begin PBXFrameworksBuildPhase section */
		E0DCAB8826E63C9900515436 /* Frameworks */ = {
			isa = PBXFrameworksBuildPhase;
			buildActionMask = 2147483647;
			files = (
			);
			runOnlyForDeploymentPostprocessing = 0;
		};
/* End PBXFrameworksBuildPhase section */

/* Begin PBXGroup section */
		E0DCAB8226E63C9900515436 = {
			isa = PBXGroup;
			children = (
				E0DCAB8D26E63C9900515436 /* TextFieldKeyboard */,
				E0DCAB8C26E63C9900515436 /* Products */,
			);
			sourceTree = "<group>";
		};
		E0DCAB8C26E63C9900515436 /* Products */ = {
			isa = PBXGroup;
			children = (
				E0DCAB8B26E63C9900515436 /* TextFieldKeyboard.app */,
			);
			name = Products;
			sourceTree = "<group>";
		};
		E0DCAB8D26E63C9900515436 /* TextFieldKeyboard */ = {
			isa = PBXGroup;
			children = (
				E0DCAB8E26E63C9900515436 /* AppDelegate.swift */,
				E0DCAB9026E63C9900515436 /* SceneDelegate.swift */,
				E0DCAB9226E63C9900515436 /* ViewController.swift */,
				E0DCAB9426E63C9900515436 /* Main.storyboard */,
				E0DCAB9726E63C9A00515436 /* Assets.xcassets */,
				E0DCAB9926E63C9A00515436 /* LaunchScreen.storyboard */,
				E0DCAB9C26E63C9A00515436 /* Info.plist */,
			);
			path = TextFieldKeyboard;
			sourceTree = "<group>";
		};
/* End PBXGroup section */

/* Begin PBXNativeTarget section */
		E0DCAB8A26E63C9900515436 /* TextFieldKeyboard */ = {
			isa = PBXNativeTarget;
			buildConfigurationList = E0DCAB9F26E63C9A00515436 /* Build configuration list for PBXNativeTarget "TextFieldKeyboard" */;
			buildPhases = (
				E0DCAB8726E63C9900515436 /* Sources */,
				E0DCAB8826E63C9900515436 /* Frameworks */,
				E0DCAB8926E63C9900515436 /* Resources */,
			);
			buildRules = (
			);
			dependencies = (
			);
			name = TextFieldKeyboard;
			productName = TextFieldKeyboard;
			productReference = E0DCAB8B26E63C9900515436 /* TextFieldKeyboard.app */;
			productType = "com.apple.product-type.application";
		};
/* End PBXNativeTarget section */

/* Begin PBXProject section */
		E0DCAB8326E63C9900515436 /* Project object */ = {
			isa = PBXProject;
			attributes = {
				LastSwiftUpdateCheck = 1250;
				LastUpgradeCheck = 1250;
				TargetAttributes = {
					E0DCAB8A26E63C9900515436 = {
						CreatedOnToolsVersion = 12.5.1;
					};
				};
			};
			buildConfigurationList = E0DCAB8626E63C9900515436 /* Build configuration list for PBXProject "TextFieldKeyboard" */;
			compatibilityVersion = "Xcode 9.3";
			developmentRegion = en;
			hasScannedForEncodings = 0;
			knownRegions = (
				en,
				Base,
			);
			mainGroup = E0DCAB8226E63C9900515436;
			productRefGroup = E0DCAB8C26E63C9900515436 /* Products */;
			projectDirPath = "";
			projectRoot = "";
			targets = (
				E0DCAB8A26E63C9900515436 /* TextFieldKeyboard */,
			);
		};
/* End PBXProject section */

/* Begin PBXResourcesBuildPhase section */
		E0DCAB8926E63C9900515436 /* Resources */ = {
			isa = PBXResourcesBuildPhase;
			buildActionMask = 2147483647;
			files = (
				E0DCAB9B26E63C9A00515436 /* LaunchScreen.storyboard in Resources */,
				E0DCAB9826E63C9A00515436 /* Assets.xcassets in Resources */,
				E0DCAB9626E63C9900515436 /* Main.storyboard in Resources */,
			);
			runOnlyForDeploymentPostprocessing = 0;
		};
/* End PBXResourcesBuildPhase section */

/* Begin PBXSourcesBuildPhase section */
		E0DCAB8726E63C9900515436 /* Sources */ = {
			isa = PBXSourcesBuildPhase;
			buildActionMask = 2147483647;
			files = (
				E0DCAB9326E63C9900515436 /* ViewController.swift in Sources */,
				E0DCAB8F26E63C9900515436 /* AppDelegate.swift in Sources */,
				E0DCAB9126E63C9900515436 /* SceneDelegate.swift in Sources */,
			);
			runOnlyForDeploymentPostprocessing = 0;
		};
/* End PBXSourcesBuildPhase section */

/* Begin PBXVariantGroup section */
		E0DCAB9426E63C9900515436 /* Main.storyboard */ = {
			isa = PBXVariantGroup;
			children = (
				E0DCAB9526E63C9900515436 /* Base */,
			);
			name = Main.storyboard;
			sourceTree = "<group>";
		};
		E0DCAB9926E63C9A00515436 /* LaunchScreen.storyboard */ = {
			isa = PBXVariantGroup;
			children = (
				E0DCAB9A26E63C9A00515436 /* Base */,
			);
			name = LaunchScreen.storyboard;
			sourceTree = "<group>";
		};
/* End PBXVariantGroup section */

/* Begin XCBuildConfiguration section */
		E0DCAB9D26E63C9A00515436 /* Debug */ = {
			isa = XCBuildConfiguration;
			buildSettings = {
				ALWAYS_SEARCH_USER_PATHS = NO;
				CLANG_ANALYZER_NONNULL = YES;
				CLANG_ANALYZER_NUMBER_OBJECT_CONVERSION = YES_AGGRESSIVE;
				CLANG_CXX_LANGUAGE_STANDARD = "gnu++14";
				CLANG_CXX_LIBRARY = "libc++";
				CLANG_ENABLE_MODULES = YES;
				CLANG_ENABLE_OBJC_ARC = YES;
				CLANG_ENABLE_OBJC_WEAK = YES;
				CLANG_WARN_BLOCK_CAPTURE_AUTORELEASING = YES;
				CLANG_WARN_BOOL_CONVERSION = YES;
				CLANG_WARN_COMMA = YES;
				CLANG_WARN_CONSTANT_CONVERSION = YES;
				CLANG_WARN_DEPRECATED_OBJC_IMPLEMENTATIONS = YES;
				CLANG_WARN_DIRECT_OBJC_ISA_USAGE = YES_ERROR;
				CLANG_WARN_DOCUMENTATION_COMMENTS = YES;
				CLANG_WARN_EMPTY_BODY = YES;
				CLANG_WARN_ENUM_CONVERSION = YES;
				CLANG_WARN_INFINITE_RECURSION = YES;
				CLANG_WARN_INT_CONVERSION = YES;
				CLANG_WARN_NON_LITERAL_NULL_CONVERSION = YES;
				CLANG_WARN_OBJC_IMPLICIT_RETAIN_SELF = YES;
				CLANG_WARN_OBJC_LITERAL_CONVERSION = YES;
				CLANG_WARN_OBJC_ROOT_CLASS = YES_ERROR;
				CLANG_WARN_QUOTED_INCLUDE_IN_FRAMEWORK_HEADER = YES;
				CLANG_WARN_RANGE_LOOP_ANALYSIS = YES;
				CLANG_WARN_STRICT_PROTOTYPES = YES;
				CLANG_WARN_SUSPICIOUS_MOVE = YES;
				CLANG_WARN_UNGUARDED_AVAILABILITY = YES_AGGRESSIVE;
				CLANG_WARN_UNREACHABLE_CODE = YES;
				CLANG_WARN__DUPLICATE_METHOD_MATCH = YES;
				COPY_PHASE_STRIP = NO;
				DEBUG_INFORMATION_FORMAT = dwarf;
				ENABLE_STRICT_OBJC_MSGSEND = YES;
				ENABLE_TESTABILITY = YES;
				GCC_C_LANGUAGE_STANDARD = gnu11;
				GCC_DYNAMIC_NO_PIC = NO;
				GCC_NO_COMMON_BLOCKS = YES;
				GCC_OPTIMIZATION_LEVEL = 0;
				GCC_PREPROCESSOR_DEFINITIONS = (
					"DEBUG=1",
					"$(inherited)",
				);
				GCC_WARN_64_TO_32_BIT_CONVERSION = YES;
				GCC_WARN_ABOUT_RETURN_TYPE = YES_ERROR;
				GCC_WARN_UNDECLARED_SELECTOR = YES;
				GCC_WARN_UNINITIALIZED_AUTOS = YES_AGGRESSIVE;
				GCC_WARN_UNUSED_FUNCTION = YES;
				GCC_WARN_UNUSED_VARIABLE = YES;
				IPHONEOS_DEPLOYMENT_TARGET = 14.5;
				MTL_ENABLE_DEBUG_INFO = INCLUDE_SOURCE;
				MTL_FAST_MATH = YES;
				ONLY_ACTIVE_ARCH = YES;
				SDKROOT = iphoneos;
				SWIFT_ACTIVE_COMPILATION_CONDITIONS = DEBUG;
				SWIFT_OPTIMIZATION_LEVEL = "-Onone";
			};
			name = Debug;
		};
		E0DCAB9E26E63C9A00515436 /* Release */ = {
			isa = XCBuildConfiguration;
			buildSettings = {
				ALWAYS_SEARCH_USER_PATHS = NO;
				CLANG_ANALYZER_NONNULL = YES;
				CLANG_ANALYZER_NUMBER_OBJECT_CONVERSION = YES_AGGRESSIVE;
				CLANG_CXX_LANGUAGE_STANDARD = "gnu++14";
				CLANG_CXX_LIBRARY = "libc++";
				CLANG_ENABLE_MODULES = YES;
				CLANG_ENABLE_OBJC_ARC = YES;
				CLANG_ENABLE_OBJC_WEAK = YES;
				CLANG_WARN_BLOCK_CAPTURE_AUTORELEASING = YES;
				CLANG_WARN_BOOL_CONVERSION = YES;
				CLANG_WARN_COMMA = YES;
				CLANG_WARN_CONSTANT_CONVERSION = YES;
				CLANG_WARN_DEPRECATED_OBJC_IMPLEMENTATIONS = YES;
				CLANG_WARN_DIRECT_OBJC_ISA_USAGE = YES_ERROR;
				CLANG_WARN_DOCUMENTATION_COMMENTS = YES;
				CLANG_WARN_EMPTY_BODY = YES;
				CLANG_WARN_ENUM_CONVERSION = YES;
				CLANG_WARN_INFINITE_RECURSION = YES;
				CLANG_WARN_INT_CONVERSION = YES;
				CLANG_WARN_NON_LITERAL_NULL_CONVERSION = YES;
				CLANG_WARN_OBJC_IMPLICIT_RETAIN_SELF = YES;
				CLANG_WARN_OBJC_LITERAL_CONVERSION = YES;
				CLANG_WARN_OBJC_ROOT_CLASS = YES_ERROR;
				CLANG_WARN_QUOTED_INCLUDE_IN_FRAMEWORK_HEADER = YES;
				CLANG_WARN_RANGE_LOOP_ANALYSIS = YES;
				CLANG_WARN_STRICT_PROTOTYPES = YES;
				CLANG_WARN_SUSPICIOUS_MOVE = YES;
				CLANG_WARN_UNGUARDED_AVAILABILITY = YES_AGGRESSIVE;
				CLANG_WARN_UNREACHABLE_CODE = YES;
				CLANG_WARN__DUPLICATE_METHOD_MATCH = YES;
				COPY_PHASE_STRIP = NO;
				DEBUG_INFORMATION_FORMAT = "dwarf-with-dsym";
				ENABLE_NS_ASSERTIONS = NO;
				ENABLE_STRICT_OBJC_MSGSEND = YES;
				GCC_C_LANGUAGE_STANDARD = gnu11;
				GCC_NO_COMMON_BLOCKS = YES;
				GCC_WARN_64_TO_32_BIT_CONVERSION = YES;
				GCC_WARN_ABOUT_RETURN_TYPE = YES_ERROR;
				GCC_WARN_UNDECLARED_SELECTOR = YES;
				GCC_WARN_UNINITIALIZED_AUTOS = YES_AGGRESSIVE;
				GCC_WARN_UNUSED_FUNCTION = YES;
				GCC_WARN_UNUSED_VARIABLE = YES;
				IPHONEOS_DEPLOYMENT_TARGET = 14.5;
				MTL_ENABLE_DEBUG_INFO = NO;
				MTL_FAST_MATH = YES;
				SDKROOT = iphoneos;
				SWIFT_COMPILATION_MODE = wholemodule;
				SWIFT_OPTIMIZATION_LEVEL = "-O";
				VALIDATE_PRODUCT = YES;
			};
			name = Release;
		};
		E0DCABA026E63C9A00515436 /* Debug */ = {
			isa = XCBuildConfiguration;
			buildSettings = {
				ASSETCATALOG_COMPILER_APPICON_NAME = AppIcon;
				ASSETCATALOG_COMPILER_GLOBAL_ACCENT_COLOR_NAME = AccentColor;
				CODE_SIGN_STYLE = Automatic;
				DEVELOPMENT_TEAM = SS7U83UJNK;
				INFOPLIST_FILE = TextFieldKeyboard/Info.plist;
				LD_RUNPATH_SEARCH_PATHS = (
					"$(inherited)",
					"@executable_path/Frameworks",
				);
				PRODUCT_BUNDLE_IDENTIFIER = com.jake.base.proj.TextFieldKeyboard;
				PRODUCT_NAME = "$(TARGET_NAME)";
				SWIFT_VERSION = 5.0;
				TARGETED_DEVICE_FAMILY = "1,2";
			};
			name = Debug;
		};
		E0DCABA126E63C9A00515436 /* Release */ = {
			isa = XCBuildConfiguration;
			buildSettings = {
				ASSETCATALOG_COMPILER_APPICON_NAME = AppIcon;
				ASSETCATALOG_COMPILER_GLOBAL_ACCENT_COLOR_NAME = AccentColor;
				CODE_SIGN_STYLE = Automatic;
				DEVELOPMENT_TEAM = SS7U83UJNK;
				INFOPLIST_FILE = TextFieldKeyboard/Info.plist;
				LD_RUNPATH_SEARCH_PATHS = (
					"$(inherited)",
					"@executable_path/Frameworks",
				);
				PRODUCT_BUNDLE_IDENTIFIER = com.jake.base.proj.TextFieldKeyboard;
				PRODUCT_NAME = "$(TARGET_NAME)";
				SWIFT_VERSION = 5.0;
				TARGETED_DEVICE_FAMILY = "1,2";
			};
			name = Release;
		};
/* End XCBuildConfiguration section */

/* Begin XCConfigurationList section */
		E0DCAB8626E63C9900515436 /* Build configuration list for PBXProject "TextFieldKeyboard" */ = {
			isa = XCConfigurationList;
			buildConfigurations = (
				E0DCAB9D26E63C9A00515436 /* Debug */,
				E0DCAB9E26E63C9A00515436 /* Release */,
			);
			defaultConfigurationIsVisible = 0;
			defaultConfigurationName = Release;
		};
		E0DCAB9F26E63C9A00515436 /* Build configuration list for PBXNativeTarget "TextFieldKeyboard" */ = {
			isa = XCConfigurationList;
			buildConfigurations = (
				E0DCABA026E63C9A00515436 /* Debug */,
				E0DCABA126E63C9A00515436 /* Release */,
			);
			defaultConfigurationIsVisible = 0;
			defaultConfigurationName = Release;
		};
/* End XCConfigurationList section */
	};
	rootObject = E0DCAB8326E63C9900515436 /* Project object */;
}
